[[package]]
category = "main"
description = "Produce colored terminal text with an xml-like markup"
name = "ansimarkup"
optional = false
platform = "*"
python-versions = "*"
version = "1.4.0"

[package.dependencies]
colorama = "*"

[[package]]
category = "main"
description = "Classes Without Boilerplate"
name = "attrs"
optional = false
platform = "*"
python-versions = "*"
version = "18.1.0"

[[package]]
category = "main"
description = "Cross-platform colored terminal text."
name = "colorama"
optional = false
platform = "UNKNOWN"
python-versions = "*"
version = "0.3.9"

[[package]]
category = "main"
description = "Composable style cycles"
name = "cycler"
optional = false
platform = "Cross platform (Linux,Mac OSX,Windows)"
python-versions = "*"
version = "0.10.0"

[package.dependencies]
six = "*"

[[package]]
category = "main"
description = "The Cython compiler for writing C extensions for the Python language."
name = "cython"
optional = false
platform = "*"
python-versions = ">=2.6, !=3.0.*, !=3.1.*, !=3.2.*"
version = "0.28.5"

[[package]]
category = "main"
description = "Read and write HDF5 files from Python"
name = "h5py"
optional = false
platform = "*"
python-versions = "*"
version = "2.8.0"

[package.dependencies]
numpy = ">=1.7"
six = "*"

[[package]]
category = "main"
description = "Create h5py File object with specified cache"
name = "h5py-cache"
optional = false
platform = "UNKNOWN"
python-versions = "*"
version = "1.0"

[[package]]
category = "main"
description = "A fast implementation of the Cassowary constraint solver"
name = "kiwisolver"
optional = false
platform = "*"
python-versions = "*"
version = "1.0.1"

[package.dependencies]
setuptools = "*"

[[package]]
category = "main"
description = "lightweight wrapper around basic LLVM functionality"
name = "llvmlite"
optional = false
platform = "*"
python-versions = "*"
version = "0.24.0"

[[package]]
category = "main"
description = "Python plotting package"
name = "matplotlib"
optional = false
platform = "any"
python-versions = "*"
version = "2.2.3"

[package.dependencies]
cycler = ">=0.10"
kiwisolver = ">=1.0.1"
numpy = ">=1.7.1"
pyparsing = ">=2.0.1,<2.0.4 || >2.0.4,<2.1.2 || >2.1.2,<2.1.6 || >2.1.6"
python-dateutil = ">=2.1"
pytz = "*"
six = ">=1.10"

[[package]]
category = "dev"
description = "nose extends unittest to make testing easier"
name = "nose"
optional = false
platform = "UNKNOWN"
python-versions = "*"
version = "1.3.7"

[[package]]
category = "main"
description = "compiling Python code using LLVM"
name = "numba"
optional = false
platform = "*"
python-versions = "*"
version = "0.39.0"

[[package]]
category = "main"
description = "Fast numerical expression evaluator for NumPy"
name = "numexpr"
optional = false
platform = "*"
python-versions = "*"
version = "2.6.7"

[package.dependencies]
numpy = ">=1.7"

[[package]]
category = "main"
description = "NumPy: array processing for numbers, strings, records, and objects."
name = "numpy"
optional = false
platform = "Windows"
python-versions = ">=2.7,!=3.0.*,!=3.1.*,!=3.2.*,!=3.3.*"
version = "1.15.0"

[[package]]
category = "main"
description = "Powerful data structures for data analysis, time series, and statistics"
name = "pandas"
optional = false
platform = "any"
python-versions = ">=2.7,!=3.0.*,!=3.1.*,!=3.2.*,!=3.3.*,!=3.4.*"
version = "0.23.4"

[package.dependencies]
numpy = ">=1.9.0"
python-dateutil = ">=2.5.0"
pytz = ">=2011k"

[[package]]
category = "dev"
description = "plugin and hook calling mechanisms for python"
name = "pluggy"
optional = false
platform = "unix"
python-versions = ">=2.7, !=3.0.*, !=3.1.*, !=3.2.*, !=3.3.*"
version = "0.7.1"

[[package]]
category = "main"
description = "Cross-platform lib for process and system monitoring in Python."
name = "psutil"
optional = false
platform = "Platform Independent"
python-versions = ">=2.6, !=3.0.*, !=3.1.*, !=3.2.*, !=3.3.*"
version = "5.4.6"

[[package]]
category = "dev"
description = "library with cross-python path, ini-parsing, io, code, log facilities"
name = "py"
optional = false
platform = "unix"
python-versions = ">=2.7, !=3.0.*, !=3.1.*, !=3.2.*, !=3.3.*"
version = "1.5.4"

[[package]]
category = "main"
description = "Python parsing module"
name = "pyparsing"
optional = false
platform = "UNKNOWN"
python-versions = "*"
version = "2.2.0"

[[package]]
category = "main"
description = "Extensions to the standard Python datetime module"
name = "python-dateutil"
optional = false
platform = "*"
python-versions = ">=2.7, !=3.0.*, !=3.1.*, !=3.2.*"
version = "2.7.3"

[package.dependencies]
six = ">=1.5"

[[package]]
category = "main"
description = "World timezone definitions, modern and historical"
name = "pytz"
optional = false
platform = "Independent"
python-versions = "*"
version = "2018.5"

[[package]]
category = "main"
description = "A set of python modules for machine learning and data mining"
name = "scikit-learn"
optional = false
platform = "*"
python-versions = "*"
version = "0.19.2"

[[package]]
category = "main"
description = "SciPy: Scientific Library for Python"
name = "scipy"
optional = false
platform = "Windows"
python-versions = ">=2.7,!=3.0.*,!=3.1.*,!=3.2.*,!=3.3.*"
version = "1.1.0"

[package.dependencies]
numpy = ">=1.8.2"

[[package]]
category = "main"
description = "Python 2 and 3 compatibility utilities"
name = "six"
optional = false
platform = "*"
python-versions = "*"
version = "1.11.0"

[[package]]
category = "main"
description = "Hierarchical datasets for Python"
name = "tables"
optional = false
platform = "any"
python-versions = "*"
version = "3.4.4"

[package.dependencies]
numexpr = ">=2.5.2"
numpy = ">=1.8.0"
six = ">=1.9.0"

[[package]]
category = "dev"
description = "virtualenv-based automation of test activities"
name = "tox"
optional = false
platform = "unix"
python-versions = ">=2.7, !=3.0.*, !=3.1.*, !=3.2.*, !=3.3.*"
version = "3.2.1"

[package.dependencies]
pluggy = ">=0.3.0,<1"
py = ">=1.4.17,<2"
setuptools = ">=30.0.0"
six = ">=1.0.0,<2"
virtualenv = ">=1.11.2"

[[package]]
category = "main"
description = "Fast, Extensible Progress Meter"
name = "tqdm"
optional = false
platform = "any"
python-versions = ">=2.6, !=3.0.*, !=3.1.*"
version = "4.23.4"

[[package]]
category = "dev"
description = "Virtual Python Environment builder"
name = "virtualenv"
optional = false
platform = "*"
python-versions = ">=2.7,!=3.0.*,!=3.1.*,!=3.2.*"
version = "16.0.0"

[metadata]
content-hash = "e91095990d9f23499d885a53d8335318dc98ad51a1d2a74dc0a49b94fbebbf6d"
platform = "*"
python-versions = "^3.6"

[metadata.hashes]
ansimarkup = ["06365e3ef89a12734fc408b2449cb4642d5fe2e603e95e7296eff9e98a0fe0b4", "174d920481416cec8d5a707af542d6fba25a1df1c21d8996479c32ba453649a4"]
attrs = ["4b90b09eeeb9b88c35bc642cbac057e45a5fd85367b985bd2809c62b7b939265", "e0d0eb91441a3b53dab4d9b743eafc1ac44476296a2053b6ca3af0b139faf87b"]
colorama = ["463f8483208e921368c9f306094eb6f725c6ca42b0f97e313cb5d5512459feda", "48eb22f4f8461b1df5734a074b57042430fb06e1d61bd1e11b078c0fe6d7a1f1"]
cycler = ["1d8a5ae1ff6c5cf9b93e8811e581232ad8920aeec647c37316ceac982b08cb2d", "cd7b2d1018258d7247a71425e9f26463dfb444d411c39569972f4ce586b0c9d8"]
cython = ["022592d419fc754509d0e0461eb2958dbaa45fb60d51c8a61778c58994edbe36", "07659f4c57582104d9486c071de512fbd7e087a3a630535298442cc0e20a3f5a", "13c73e2ffa93a615851e03fad97591954d143b5b62361b9adef81f46a31cd8ef", "13eab5a2835a84ff62db343035603044c908d2b3b6eec09d67fdf9970acf7ac9", "183b35a48f58862c4ec1e821f07bb7b1156c8c8559c85c32ae086f28947474eb", "2f526b0887128bf20ab2acc905a975f62b5a04ab2f63ecbe5a30fc28285d0e0c", "32de8637f5e6c5a76667bc7c8fc644bd9314dc19af36db8ce30a0b92ada0f642", "4172c183ef4fb2ace6a29cdf7fc9200c5a471a7f775ff691975b774bd9ed3ad2", "553956ec06ecbd731ef0c538eb28a5b46bedea7ab89b18237ff28b4b99d65eee", "660eeb6870687fd3eda91e00ba4e72220545c254c8c4d967fd0c910f4fbb8cbc", "693a8619ef066ece055ed065a15cf440f9d3ebd1bca60e87ea19144833756433", "759c799e9ef418f163b5412e295e14c0a48fe3b4dcba9ab8aab69e9f511cfefd", "827d3a91b7a7c31ce69e5974496fd9a8ba28eb498b988affb66d0d30de11d934", "87e57b5d730cfab225d95e7b23abbc0c6f77598bd66639e93c73ce8afbae6f38", "9400e5db8383346b0694a3e794d8bded18a27b21123516dcdf4b79d7ec28e98b", "9ec27681c5b1b457aacb1cbda5db04aa28b76da2af6e1e1fd15f233eafe6a0b0", "ae4784f040a3313c8bd00c8d04934b7ade63dc59692d8f00a5235be8ed72a445", "b2ba8310ebd3c0e0b884d5e95bbd99d467d6af922acd1e44fe4b819839b2150e", "b64575241f64f6ec005a4d4137339fb0ba5e156e826db2fdb5f458060d9979e0", "c78ad0df75a9fc03ab28ca1b950c893a208c451a18f76796c3e25817d6994001", "cdbb917e41220bd3812234dbe59d15391adbc2c5d91ae11a5273aab9e32ba7ec", "d2223a80c623e2a8e97953ab945dfaa9385750a494438dcb55562eb1ddd9565a", "e22f21cf92a9f8f007a280e3b3462c886d9068132a6c698dec10ad6125e3ca1e", "ea5c16c48e561f4a6f6b8c24807494b77a79e156b8133521c400f22ca712101b", "ee7a9614d51fe16e32ca5befe72e0808baff481791728449d0b17c8b0fe29eb9", "ef86de9299e4ab2ebb129fb84b886bf40b9aced9807c6d6d5f28b46fb905f82c", "f3e4860f5458a9875caa3de65e255720c0ed2ce71f0bcdab02497b32104f9db8", "fc6c20a8ac22202a779ad4c59756647be0826993d2151a03c015e76d2368ae5f"]
h5py = ["0f8cd2acbacf3177b4427ed42639c911667b1f24d923388ab1f8ad466a12be5e", "11277e3879098f921ee9e29105b20591e1dfdd44963357399f2abaa1a280c560", "1241dec0c94ac32f3285cac1d6f44beabf80423e422ab03bd2686d731a8a9294", "17b8187de0b3a945d8e8d031e7eb6ece2fce90791f9c5fde36f4396bf38fdde1", "2f30007d0796788a454c1293262f19f25e6428317d3d386f78138fba2a44e37d", "308e0758587ee16d4e73e7f2f8aae8351091e343bf0a43d2f697f9535465c816", "37cacddf0e8209905f52537a8cf71da0dd9a4de62bd79247274c97b24a408997", "38a23bb599748adf23d77f74885c0de6f4a7d9baa42f74e476bbf90fba2b47dd", "47ab18b7b7bbc36fd2b606289b703b6f0ee915b923d6ad94dd17ac80ebffc280", "486c78330af0bf33f5077b51d1888c0739c3cd1a03d5aade0d48572b3b5690ca", "4e2183458d6ef1ae87dfb5d6acd0786359336cd9ac0ece6396c09b59fdaa3bd6", "51d0595c3e58814c831f6cd2b664a5bf9590e26262c1d541b380d041e4fcb3c0", "56d259d56822b70881760b243957f04a0cf133f0ec65eae6a33f562826aee899", "5e6e777653169a3cc24ea56bb3d8c845ea391f8914c35bb6f350b0753a52891c", "62bfb0ebb0f59e5dccc0b0dbbc0fc40dd1d1e09d04c0dc71f89790231531d4a2", "67d89b64debfa021b54aa6f24bbf008403bd144748a0148596b518bce80d2fc4", "6bf38571f555fa214493ec6349d29024cc5f313bf1715b09f236c553fd22ae4d", "9214ca445c18a37bfe9c165982c0e317e2f21f035c8d635d1c6d9fcbaf35b7a8", "ab0c52850428d2e86029935389379c2c97f752e76b616da851deec8a4484f8ec", "b2eff336697d8dfd712c5d93fef9f4e4d3e97d9d8c258801836b8664a239e07a", "bb33fabc0b8f3fe3bb0f8d6821b2fad5b2a64c27a0808e8d1c5c1e3362062064", "bd5353ab342bae1262b04745934cc1565df4cbc8d6a979a0c98f42209bd5c265", "bd73444efd1ac06dac27b8405bbe8791a02fd1bc8a2fa0e575257f90b7b57467", "bd932236a2ef91a75fee5d7f4ace80ab494c5a59cd092a67c9785ddb7fdc218c", "c45650de228ace7731e4280e14fb687f6d5c29cd666c5b22b42492b035e994d6", "d5c0c01da45f901a3d429e7ef9e7e22baa869e1affb8715f1bf94e6a30020740", "d75035db5bde802a29f4f29f18bb7548863d29ac90ccbf2c04c11799bbbba2c3", "dda88206dc9464923f27f601000bc5b152ac0bd6d0122f098d4f239150a70076", "e1c2ac5d0aa232c0f60fecc6bd1122346885086a176f939b91058c4c980cc226", "e626c65a8587921ebc7fb8d31a49addfdd0b9a9aa96315ea484c09803337b955"]
h5py-cache = ["f3e09e58a98f25dba461029f3223224cbd7c4fe1ea2213eda69083757f182e11"]
kiwisolver = ["0ee4ed8b3ae8f5f712b0aa9ebd2858b5b232f1b9a96b0943dceb34df2a223bc3", "0f7f532f3c94e99545a29f4c3f05637f4d2713e7fd91b4dd8abfc18340b86cd5", "1a078f5dd7e99317098f0e0d490257fd0349d79363e8c923d5bb76428f318421", "1aa0b55a0eb1bd3fa82e704f44fb8f16e26702af1a073cc5030eea399e617b56", "2874060b91e131ceeff00574b7c2140749c9355817a4ed498e82a4ffa308ecbc", "379d97783ba8d2934d52221c833407f20ca287b36d949b4bba6c75274bcf6363", "3b791ddf2aefc56382aadc26ea5b352e86a2921e4e85c31c1f770f527eb06ce4", "4329008a167fac233e398e8a600d1b91539dc33c5a3eadee84c0d4b04d4494fa", "45813e0873bbb679334a161b28cb9606d9665e70561fd6caa8863e279b5e464b", "53a5b27e6b5717bdc0125338a822605084054c80f382051fb945d2c0e6899a20", "574f24b9805cb1c72d02b9f7749aa0cc0b81aa82571be5201aa1453190390ae5", "66f82819ff47fa67a11540da96966fb9245504b7f496034f534b81cacf333861", "79e5fe3ccd5144ae80777e12973027bd2f4f5e3ae8eb286cabe787bed9780138", "83410258eb886f3456714eea4d4304db3a1fc8624623fc3f38a487ab36c0f653", "8b6a7b596ce1d2a6d93c3562f1178ebd3b7bb445b3b0dd33b09f9255e312a965", "9576cb63897fbfa69df60f994082c3f4b8e6adb49cccb60efb2a80a208e6f996", "95a25d9f3449046ecbe9065be8f8380c03c56081bc5d41fe0fb964aaa30b2195", "a424f048bebc4476620e77f3e4d1f282920cef9bc376ba16d0b8fe97eec87cde", "aaec1cfd94f4f3e9a25e144d5b0ed1eb8a9596ec36d7318a504d813412563a85", "acb673eecbae089ea3be3dcf75bfe45fc8d4dcdc951e27d8691887963cf421c7", "b15bc8d2c2848a4a7c04f76c9b3dc3561e95d4dabc6b4f24bfabe5fd81a0b14f", "b1c240d565e977d80c0083404c01e4d59c5772c977fae2c483f100567f50847b", "c595693de998461bcd49b8d20568c8870b3209b8ea323b2a7b0ea86d85864694", "ce3be5d520b4d2c3e5eeb4cd2ef62b9b9ab8ac6b6fedbaa0e39cdb6f50644278", "e0f910f84b35c36a3513b96d816e6442ae138862257ae18a0019d2fc67b041dc", "ea36e19ac0a483eea239320aef0bd40702404ff8c7e42179a2d9d36c5afcb55c", "efabbcd4f406b532206b8801058c8bab9e79645b9880329253ae3322b7b02cd5", "f923406e6b32c86309261b8195e24e18b6a8801df0cfc7814ac44017bfcb3939"]
llvmlite = ["0358ffed8754b706584adb7c2f8669160e631192bbd379753c39439a5fb7fc36", "0c48be698f4303d8ff7966e41270cd392c2ef1e681ef69fb3f3fb03750285704", "1dc531d45a5e3938d8b7cccf48379a392b6c5353fa26e3f994805ede83e00d87", "23d31542ec7b442439e4df428fa0c12d12bec3e8ac5b3bad49f54b0d6f344c25", "27fb7f2335bc9f32be68f3f2b77ebb62f40764234df02e9a4fe0e725cf3ef3b1", "31000d019db84976a3cd9649102ef2b4713c3c65c2f83fb7e981b196f62761e8", "320de4c4a1c105b91629305be069d217f3a9d7fbe32cb22bcfb016361895fc07", "375579c3af61cface2e3ffa4ee30daed67e290efad5d8beeff3c717413382f50", "39264af5113cf55f6fb4981dfd672a99a599d59ed38b682a95e4e8be1f256f25", "3e6ba641abb4af80bb5d4a072a3510dc953218ecb5218eae9c994996c5f9c6e8", "59372eb3b710e3c05936e42b8bb1d0ef3481da26e097d0a6c6a049733f3c8a99", "7da3e0c5d09aad2ccec32e256b37ea2d5ce557a9b98c4ec00ad80f1770db7659", "809de4c7b46036c4da4c859b41b8986955d1a81d382efbfd6058a140165df4eb", "8817e023b86d840550669e35213917431ee8f16066a82ce59ad9c7f116375127", "951acf91f4f263cf528b6c438ac2d9d127b171dea01cc2973866b8b61426fa2e", "95fe4be10bf2a95622cbd98d80b92e3fc2e2504ea877dca83e54594c2b33a0ab", "acf2c6f7728ce67002da91f8b56580b21799d235aef6643724ec22a9cb3d03f8", "c7f74d94349ba852704a3eba695e0086c000ae7e713fb81065eb555471d4b67c", "d277d24e881d557b7b720abd76cbfec10787e447653069ac9202ff1ecf68c9bb", "d5f24ae1210575d832fabab04b198d11a1cff45781f5fd87301216551f43ce01", "ea1f94a13f6e9e6c3c6adb2edfd1158d47e85b938632e23808c9f8d35b962c8c"]
matplotlib = ["0ba8e3ec1b0feddc6b068fe70dc38dcf2917e301ad8d2b3f848c14ad463a4157", "10a48e33e64dbd95f0776ba162f379c5cc55301c2d155506e79ce0c26b52f2ce", "1376535fe731adbba55ab9e48896de226b7e89dbb55390c5fbd8f7161b7ae3be", "16f0f8ba22df1e2c9f06c87088de45742322fde282a93b5c744c0f969cf7932e", "1c6c999f2212858021329537f8e0f98f3f29086ec3683511dd1ecec84409f51d", "2316dc177fc7b3d8848b49365498de0c385b4c9bba511edddd24c34fbe3d37a4", "3398bfb533482bf21974cecf28224dd23784ad4e4848be582903f7a2436ec12e", "3477cb1e1061b34210acc43d20050be8444478ff50b8adfac5fe2b45fc97df01", "4259ea7cb2c238355ee13275eddd261d869cefbdeb18a65f35459589d6d17def", "4addcf93234b6122f530f90f485fd3d00d158911fbc1ed24db3fa66cd49fe565", "50c0e24bcbce9c54346f4a2f4e97b0ed111f0413ac3fe9954061ae1c8aa7021f", "62ed7597d9e54db6e133420d779c642503c25eba390e1178d85dfb2ba0d05948", "69f6d51e41a17f6a5f70c56bb10b8ded9f299609204495a7fa2782a3a755ffc5", "6d232e49b74e3d2db22c63c25a9a0166d965e87e2b057f795487f1f244b61d9d", "7355bf757ecacd5f0ac9dd9523c8e1a1103faadf8d33c22664178e17533f8ce5", "886b1045c5105631f10c1cbc999f910e44d33af3e9c7efd68c2123efc06ab636", "9e1f353edd7fc7e5e9101abd5bc0201946f77a1b59e0da49095086c03db856ed", "b3a343dfcbe296dbe0f26c731beee72a792ff948407e6979524298ae7bc3234e", "d93675af09ca497a25f4f8d62f3313cf0f21e45427a87487049fe84898b99909", "e2409ef9d37804dfb566f39c962e6ed70f281ff516b8131b3e6b4e6442711ff1", "f8b653b0f89938ba72e92ab080c2f3aa24c1b72e2f61add22880cd1b9a6e3cdd"]
nose = ["9ff7c6cc443f8c51994b34a667bbcf45afd6d945be7477b52e97516fd17c53ac", "dadcddc0aefbf99eea214e0f1232b94f2fa9bd98fa8353711dacb112bfcbbb2a", "f1bffef9cbc82628f6e7d7b40d7e255aefaa1adb6a1b1d26c69a8b79e6208a98"]
numba = ["07749d1ddac8c4c0ce8b22bf3dec52ef2fd4922174c71447126807f5f8dc2bae", "3a035de250a1b1f4c9332092a3caabb0f9fd527e027483e6d02edc4a160fc174", "3daae0b609b18b305fa8952b1a5137ecbf1946136d960749da91280b2dc934a2", "44b2d2430f4f022bbf61cf4e3cd8319aa01b9bc253ce2671c84237e0c8c1b386", "4aebb89e4c7438cd897b2014d47a4eb09cca6606e8de0f82178a80b0f76bcacd", "5050223d1539af9ea9ed89b71b3eebdf01e0549b101328a7d5450314a9410d5f", "52dc8aa38ec07dd84df3239a2655d807c764313b3ac003ea409d176254a2b278", "628d26df7e39e2dc924b3aceb41d023a7d0b9772afdbce1e42ef18e3b6acbfcf", "71723a5bdcffe6a570c019d75234ca68d47d4f2e56ee1654fb30a7e5342e80aa", "765a818a38812405c3af096e78078a0b246ff26c01a8b8ed1b7b7de3d28bbf12", "7f5bfab40dff26bd23fc5d4e482840bcf64c50126013a03fbdcdc13fc1d13d48", "8ad7d73e1410266c17c4c201401799dc759bcc7c858c9922aa1938667b4ff322", "91b124506439aaa57fd1313c1f1506cd439b300e066af9696ede716a8803cf49", "a243416844c942f62b7760d4d3b8450e7dc6d11f144b77e8030695c0ee27c3eb", "ac61d95a76904741f6024c2860d4b793e2cfd456947fa21c455398f2aad6245c", "afd26fffd0b310509d2d24def3ff7460bd1c5100ccc49d7ec051a75e34f07329", "b26017ada41fba940df380eabfe088c232d10d57ce9eb905555df931907e36f0", "be49190c02226a3a5253f10d9e22af5f0b7272895852ef3a7fdb5e84601a1df1", "c379f1a379883ba5a4cc76b751b367e9a3770fc08d366a540ba2520cd56e3350", "f2464d358a30c0b00a93523a728a3f6aafe6dc8e85cad35814a1f11f8d163d2f", "fbdab1f7085485727ffa9dbcf5e968e025474bde730542464e8e51152dd0fe8b"]
numexpr = ["12cc83ff1b8a9ceb243d5ab4135eb073e39d95a83d8222bf5e5533335a093040", "163a91fb03130420f8c08dbee36c958a5d994d0dc985ed9d7719d41ba10fb808", "1adef5b64fcc00c72a22780274d0c59b596b9e6f43c01877fc4724280f17149e", "27b2958cf489fa664c3f18482a7533c2660248d59afab15f8f28304a3af25674", "2a8f6f14dfdd01ce7621881a97cf9ee987a07e5473cf4f85b3bb417603aa0301", "2f0e4b416853e4be27e3fb893b8c2db9b37d7f6d970727095a4eda68395b3aad", "3d007946b6c042fc9feb1db52dd0847d2f9b7f3175ae0591476ea80dcd664771", "41a8dccf364cfa24a07df933c36e3e47c4e9b24b07f4c51a8d344cdbcde4d81d", "74da3ee589a50f9665137f84a87242396dd5b9bd842185935eba15f342ac2cbe", "7a714b16d743f2ef5d95cb71df557758ebcaac1786082677fba23ca7c0af55f8", "9554cf7808b1d962c37f75ca0b571ae0d6c6fac15ffdda0b5cea1d0ede737182", "99e34b941d75c8f12a54c9f7c91b797eabcc97218364ecb8e50de4bbf6214b9c", "abf6e72eb237c8e68a556d1954a3b49617bd7721dcfaf0e989f0c71726556402", "b15d6b60db11ef87006692cb137950840cb1b29d0a74ee679cd20b396015d7c3", "c0ca3c0fe203091bb0a92be2b87d98fcf74e49e4ab11098b4f9189ceb58a6d8b", "cb28ffb302aac1987bacc06c33aff9ad62e50619299d4560af6f043b2690a0bc", "ce68f1294841b8b8da6bff568afa08aa03323bd4718cddd189eafa8999b0be6a", "d024e386270184a4f8e7736ec78cb8d048e6a61623bc3fb69809e2537de020ab", "d0cb04f3deba243eddf8789ad280935e6e1aeb7bacd556c0add66320e27dc6d0", "e19a3817295a477e4d07a8e654ae7b80b37de4162ff7fefe82c81f012ffda93d", "ea2bfe64526dba325750f9e3324037fab851ece13bdbf1a77cfb060a7a2a1db6", "f9062e3588091adba5b0b5430421190e4f82506ddf0c00f3ee514c17de92acfc", "f924935ea45a80140257c1e8685027efc7d9151d04f228151367fd2ba2d59b3b"]
numpy = ["14fb76bde161c87dcec52d91c78f65aa8a23aa2e1530a71f412dabe03927d917", "21041014b7529237994a6b578701c585703fbb3b1bea356cdb12a5ea7804241c", "24f3bb9a5f6c3936a8ccd4ddfc1210d9511f4aeb879a12efd2e80bec647b8695", "34033b581bc01b1135ca2e3e93a94daea7c739f21a97a75cca93e29d9f0c8e71", "3fbccb399fe9095b1c1d7b41e7c7867db8aa0d2347fc44c87a7a180cedda112b", "50718eea8e77a1bedcc85befd22c8dbf5a24c9d2c0c1e36bbb8d7a38da847eb3", "55daf757e5f69aa75b4477cf4511bf1f96325c730e4ad32d954ccb593acd2585", "61efc65f325770bbe787f34e00607bc124f08e6c25fdf04723848585e81560dc", "62cb836506f40ce2529bfba9d09edc4b2687dd18c56cf4457e51c3e7145402fd", "64c6acf5175745fd1b7b7e17c74fdbfb7191af3b378bc54f44560279f41238d3", "674ea7917f0657ddb6976bd102ac341bc493d072c32a59b98e5b8c6eaa2d5ec0", "73a816e441dace289302e04a7a34ec4772ed234ab6885c968e3ca2fc2d06fe2d", "78c35dc7ad184aebf3714dbf43f054714c6e430e14b9c06c49a864fb9e262030", "7f17efe9605444fcbfd990ba9b03371552d65a3c259fc2d258c24fb95afdd728", "816645178f2180be257a576b735d3ae245b1982280b97ae819550ce8bcdf2b6b", "924f37e66db78464b4b85ed4b6d2e5cda0c0416e657cac7ccbef14b9fa2c40b5", "a17a8fd5df4fec5b56b4d11c9ba8b9ebfb883c90ec361628d07be00aaa4f009a", "aaa519335a71f87217ca8a680c3b66b61960e148407bdf5c209c42f50fe30f49", "ae3864816287d0e86ead580b69921daec568fe680857f07ee2a87bf7fd77ce24", "b5f8c15cb9173f6cdf0f994955e58d1265331029ae26296232379461a297e5f2", "c3ac359ace241707e5a48fe2922e566ac666aacacf4f8031f2994ac429c31344", "c7c660cc0209fdf29a4e50146ca9ac9d8664acaded6b6ae2f5d0ae2e91a0f0cd", "d690a2ff49f6c3bc35336693c9924fe5916be3cc0503fe1ea6c7e2bf951409ee", "e2317cf091c2e7f0dacdc2e72c693cc34403ca1f8e3807622d0bb653dc978616", "f28e73cf18d37a413f7d5de35d024e6b98f14566a10d82100f9dc491a7d449f9", "f2a778dd9bb3e4590dbe3bbac28e7c7134280c4ec97e3bf8678170ee58c67b21", "f5a758252502b466b9c2b201ea397dae5a914336c987f3a76c3741a82d43c96e", "fb4c33a404d9eff49a0cdc8ead0af6453f62f19e071b60d283f9dc05581e4134"]
pandas = ["11975fad9edbdb55f1a560d96f91830e83e29bed6ad5ebf506abda09818eaf60", "12e13d127ca1b585dd6f6840d3fe3fa6e46c36a6afe2dbc5cb0b57032c902e31", "1c87fcb201e1e06f66e23a61a5fea9eeebfe7204a66d99df24600e3f05168051", "242e9900de758e137304ad4b5663c2eff0d798c2c3b891250bd0bd97144579da", "26c903d0ae1542890cb9abadb4adcb18f356b14c2df46e4ff657ae640e3ac9e7", "2e1e88f9d3e5f107b65b59cd29f141995597b035d17cc5537e58142038942e1a", "31b7a48b344c14691a8e92765d4023f88902ba3e96e2e4d0364d3453cdfd50db", "4fd07a932b4352f8a8973761ab4e84f965bf81cc750fb38e04f01088ab901cb8", "5b24ca47acf69222e82530e89111dd9d14f9b970ab2cd3a1c2c78f0c4fbba4f4", "647b3b916cc8f6aeba240c8171be3ab799c3c1b2ea179a3be0bd2712c4237553", "66b060946046ca27c0e03e9bec9bba3e0b918bafff84c425ca2cc2e157ce121e", "6efa9fa6e1434141df8872d0fa4226fc301b17aacf37429193f9d70b426ea28f", "be4715c9d8367e51dbe6bc6d05e205b1ae234f0dc5465931014aa1c4af44c1ba", "bea90da782d8e945fccfc958585210d23de374fa9294a9481ed2abcef637ebfc", "d785fc08d6f4207437e900ffead930a61e634c5e4f980ba6d3dc03c9581748c7", "de9559287c4fe8da56e8c3878d2374abc19d1ba2b807bfa7553e912a8e5ba87c", "f4f98b190bb918ac0bc0e3dd2ab74ff3573da9f43106f6dba6385406912ec00f", "f71f1a7e2d03758f6e957896ed696254e2bc83110ddbc6942018f1a232dd9dad", "fb944c8f0b0ab5c1f7846c686bc4cdf8cde7224655c12edcd59d5212cd57bec0"]
pluggy = ["6e3836e39f4d36ae72840833db137f7b7d35105079aee6ec4a62d9f80d594dd1", "95eb8364a4708392bae89035f45341871286a333f749c3141c20573d2b3876e1"]
psutil = ["0ff2b16e9045d01edb1dd10d7fbcc184012e37f6cd38029e959f2be9c6223f50", "254adb6a27c888f141d2a6032ae231d8ed4fc5f7583b4c825e5f7d7c78d26d2e", "319e12f6bae4d4d988fbff3bed792953fa3b44c791f085b0a1a230f755671ef7", "529ae235896efb99a6f77653a7138273ab701ec9f0343a1f5030945108dee3c4", "686e5a35fe4c0acc25f3466c32e716f2d498aaae7b7edc03e2305b682226bcf6", "6d981b4d863b20c8ceed98b8ac3d1ca7f96d28707a80845d360fa69c8fc2c44b", "7789885a72aa3075d28d028236eb3f2b84d908f81d38ad41769a6ddc2fd81b7c", "7f4616bcb44a6afda930cfc40215e5e9fa7c6896e683b287c771c937712fbe2f", "7fdb3d02bfd68f508e6745021311a4a4dbfec53fca03721474e985f310e249ba", "a9b85b335b40a528a8e2a6b549592138de8429c6296e7361892958956e6a73cf", "dc85fad15ef98103ecc047a0d81b55bbf5fe1b03313b96e883acc2e2fa87ed5c"]
py = ["3fd59af7435864e1a243790d322d763925431213b6b8529c6ca71081ace3bbf7", "e31fb2767eb657cbde86c454f02e99cb846d3cd9d61b318525140214fdc0e98e"]
pyparsing = ["0832bcf47acd283788593e7a0f542407bd9550a55a8a8435214a1960e04bcb04", "281683241b25fe9b80ec9d66017485f6deff1af5cde372469134b56ca8447a07", "8f1e18d3fd36c6795bb7e02a39fd05c611ffc2596c1e0d995d34d67630426c18", "9e8143a3e15c13713506886badd96ca4b579a87fbdf49e550dbfc057d6cb218e", "b8b3117ed9bdf45e14dcc89345ce638ec7e0e29b2b579fa1ecf32ce45ebac8a5", "e4d45427c6e20a59bf4f88c639dcc03ce30d193112047f94012102f235853a58", "fee43f17a9c4087e7ed1605bd6df994c6173c1e977d7ade7b651292fab2bd010"]
python-dateutil = ["1adb80e7a782c12e52ef9a8182bebeb73f1d7e24e374397af06fb4956c8dc5c0", "e27001de32f627c22380a688bcc43ce83504a7bc5da472209b4c70f02829f0b8"]
pytz = ["a061aa0a9e06881eb8b3b2b43f05b9439d6583c206d0a6c340ff72a7b6669053", "ffb9ef1de172603304d9d2819af6f5ece76f2e85ec10692a524dd876e72bf277"]
scikit-learn = ["0a718b5ffbd5053fb3f9e1a2e20b7c4f256dd8035e246b907d3117d20bac0260", "1725540b754a9967778e9385e1ee2c8db50d5ab70ed835c9f5e36002ffabc169", "3e3ce307d7c5c5811658ba8686b24b571a8244eaafe707665ad601f400d5ce98", "42ad71502237c9fe300ecf157f5a394df717789a2dde541dd7034b539c70bdcc", "42cba716db197e0d1670e2fc13c4cc4a86d5c5358120ccfee6ec427b154e74ff", "47b4090b7686642e41176becb7c42ef3cc665d7ee0db5e7ea5d307ec9779327e", "51d99a08c8bf689cf60c9d8dca6e3d3e5f6d762def85ad735dcea11fb528a89b", "5f7577fbb2399a4712e96cf0e786638168940a876c33735a1b5d5a86ba4b1370", "66bfc2b6b15db1725d03ea657ec9184ff09dcbf1ecd834ef85f2edc2c9cbba97", "69a34d389d9ca4687ad00af4e11d53686771f484c37366f68617ef656bab16ab", "75297f3dd6685f01555f1bb75846995d45650af417280b69c81bf11b6987aed5", "9ebb38ab1d0ee143982aed561811903ac6c1abb512ae2b9019b3b65bde63ffb9", "a402c1484fe65df42d5dbc22a58e0695fe3afe2b0b229aee2a09c6d60ba8e5c2", "aad6b9aac1617bd7efa0450643888bbd3410679a94bc8680d9863825686ef369", "ad4db28d3dc16c01df75ed6efb72524537de3839a5d179fcf94094359fc72ec5", "b276739a5f863ccacb61999a3067d0895ee291c95502929b2ae56ea1f882e888", "b3dc88c4d2bcb26ffc5afe16d053ae28317d7d1de083651defcd5453a04f1563", "b3e4681253e95da5aa5c231889a32b084fd997962bf8beda6f796bf422f734b2", "c3d852d49d6c1710089d4513702099fa6f8e1aebfedf222319d80c47b0a195f8", "c6612e7e43988b8b5e1957150449493a55f9c059de641083df7a964f86f2d1e7", "c69e5c6051366a6ac9600d730276db939b1a205e42504ec0b8371f154b0058db", "ce121baa8e85ec27c3065281657dcd78adaab7dcb046c7fe96ad4e5a9dcb6610", "ed2a9a9bea6ec443b7effe5695c9c168b7bf9a67df6d880729760feda871b6a3", "efd842d70b87e3ef3429c3149840b9189d4441ca951ab0cec62c94a964e219d9", "f1428af5c381f6eef30ffbc7e047b7c713d4efa5d7bf5e57b62b3fc8d387044b", "f6c7bf8cd4de1640b760b47f4d28deb26dbbf9acbe0194cdff54a898e190d872", "f8329ac2160ad8bbbac6a507374685ceca3f24ca427fa9ee61a501280e1972d9", "fefba2a43b92f8393366093b60efbe984a72a2b41cce16b4002005e4104ef938"]
scipy = ["0611ee97296265af4a21164a5323f8c1b4e8e15c582d3dfa7610825900136bb7", "08237eda23fd8e4e54838258b124f1cd141379a5f281b0a234ca99b38918c07a", "0e645dbfc03f279e1946cf07c9c754c2a1859cb4a41c5f70b25f6b3a586b6dbd", "0e9bb7efe5f051ea7212555b290e784b82f21ffd0f655405ac4f87e288b730b3", "108c16640849e5827e7d51023efb3bd79244098c3f21e4897a1007720cb7ce37", "340ef70f5b0f4e2b4b43c8c8061165911bc6b2ad16f8de85d9774545e2c47463", "3ad73dfc6f82e494195144bd3a129c7241e761179b7cb5c07b9a0ede99c686f3", "3b243c77a822cd034dad53058d7c2abf80062aa6f4a32e9799c95d6391558631", "404a00314e85eca9d46b80929571b938e97a143b4f2ddc2b2b3c91a4c4ead9c5", "423b3ff76957d29d1cce1bc0d62ebaf9a3fdfaf62344e3fdec14619bb7b5ad3a", "42d9149a2fff7affdd352d157fa5717033767857c11bd55aa4a519a44343dfef", "625f25a6b7d795e8830cb70439453c9f163e6870e710ec99eba5722775b318f3", "698c6409da58686f2df3d6f815491fd5b4c2de6817a45379517c92366eea208f", "729f8f8363d32cebcb946de278324ab43d28096f36593be6281ca1ee86ce6559", "8190770146a4c8ed5d330d5b5ad1c76251c63349d25c96b3094875b930c44692", "878352408424dffaa695ffedf2f9f92844e116686923ed9aa8626fc30d32cfd1", "8b984f0821577d889f3c7ca8445564175fb4ac7c7f9659b7c60bef95b2b70e76", "8f841bbc21d3dad2111a94c490fb0a591b8612ffea86b8e5571746ae76a3deac", "c22b27371b3866c92796e5d7907e914f0e58a36d3222c5d436ddd3f0e354227a", "d0cdd5658b49a722783b8b4f61a6f1f9c75042d0e29a30ccb6cacc9b25f6d9e2", "d40dc7f494b06dcee0d303e51a00451b2da6119acbeaccf8369f2d29e28917ac", "d8491d4784aceb1f100ddb8e31239c54e4afab8d607928a9f7ef2469ec35ae01", "dfc5080c38dde3f43d8fbb9c0539a7839683475226cf83e4b24363b227dfe552", "e24e22c8d98d3c704bb3410bce9b69e122a8de487ad3dbfe9985d154e5c03a40", "e7a01e53163818d56eabddcafdc2090e9daba178aad05516b20c6591c4811020", "ee677635393414930541a096fc8e61634304bb0153e4e02b75685b11eba14cae", "f0521af1b722265d824d6ad055acfe9bd3341765735c44b5a4d0069e189a0f40", "f25c281f12c0da726c6ed00535ca5d1622ec755c30a3f8eafef26cf43fede694"]
six = ["70e8a77beed4562e7f14fe23a786b54f6296e34344c23bc42f07b15018ff98e9", "832dc0e10feb1aa2c68dcc57dbb658f1c7e65b9b61af69048abc87a2db00a0eb"]
tables = ["07bb9e96b762874e239ad8cec2cab2c4129abf576fffcdd4e961482dc7d5a0a6", "09eed21e12a1286ac2e8c5e67a75d9c7a7f262883535a31ac0b985540135d8d6", "0bd7e5d7ff90df3751bfb2494d41858b96118965edd8cc03758bbc638e2e2f2c", "2379bc98dd8caa6f5824daae4b3b1e53008af32c7b684c67deaeebc1a89a929e", "2cd49a98e750fe78b7a2b8e0efd69be608c8358f664f3705c98cc6f04da18a53", "415731ae46dfdef7fbe305399a700a54b06a82c4331ba20cc64004fb40e79069", "44289caf89efac435f49fa4bd298eb48969c026dec25d3a76e7955f1281d1bdf", "714f7162ffa4d470da8c9a067935520e5925384445bdb23989351b48d236345c", "82d98123cf67c012d6c7cb69c6733b51eb10d17fc40547bbb71ffedae8da4f90", "b625fc71f082011806a60d3b7370f75e34b141dab549ed65957aed54d1f12f63", "bc1621bd84769ff3f84cfd1481f93ed0c537db4b3355576270bdbb79bb390b1f", "bdc5c073712af2a43babd139c4855fc99496bb2c3f3f5d1b4770a985e6f9ce29", "bed4f423dd33600907f1c3b88f994920f2b879b12bf83d4372f861ef4085e085", "c3ac22e3391f67a381d9a3018fd7e0a1ccfcc88b5f61b0d051fe5eba8196388f", "da98c8abfeefefad40110b994d5d06ac28d89b00d085530d377376b201566ebf", "e2e4e40d010a6aa0464e5e281d4aa15f64acd99fd881c0e1e4c1c567b7167dba", "e3bd7084dbf80ef347ad5d33645584e0fe7f8353cf2c33d8922a4c00034fa015", "e8f9b20b9623c900e7007b89a9d3e315280b666ac70b38b0c191345f7d4d8585", "f786d310cf954eaf52340680dfbc5c1190afc276093f5c454fab605a11488306", "f97c8b5ebec23894fc56af25c6e73bc86b463cbccb1f9b9887def24cd7811e2c"]
tox = ["37cf240781b662fb790710c6998527e65ca6851eace84d1595ee71f7af4e85f7", "eb61aa5bcce65325538686f09848f04ef679b5cd9b83cc491272099b28739600"]
tqdm = ["224291ee0d8c52d91b037fd90806f48c79bcd9994d3b0abc9e44b946a908fccd", "77b8424d41b31e68f437c6dd9cd567aebc9a860507cb42fbd880a5f822d966fe"]
virtualenv = ["2ce32cd126117ce2c539f0134eb89de91a8413a29baac49cbab3eb50e2026669", "ca07b4c0b54e14a91af9f34d0919790b016923d157afda5efdde55c96718f752"]
